github.com/davecgh/go-spew v1.1.0/go.mod h1:J7Y8YcW2NihsgmVo/mv3lAwl/skON4iLHjSsI+c5H38=
github.com/davecgh/go-spew v1.1.1 h1:vj9j/u1bqnvCEfJOwUhtlOARqs3+rkHYY13jYWTU97c=
github.com/davecgh/go-spew v1.1.1/go.mod h1:J7Y8YcW2NihsgmVo/mv3lAwl/skON4iLHjSsI+c5H38=
github.com/lestrrat-3d/r3 v0.0.0-20260904065918-3f991d319cc3 h1:zklKA6L29D+9LSuPVOaRQmx+/0ygSSlX6vtFqjIewJQ=
github.com/lestrrat-3d/r3 v0.0.0-20260904065918-3f991d319cc3/go.mod h1:4ZWWwLiR9tf6tOORKYM95+OXLMbdAmHywWdUYsDJfYc=
github.com/lestrrat-3d/units v0.0.0-20260904060501-aa72af3789a1 h1:rOUGuTawXiGSnJjLKnEe/iZjSy4p9LBxj5NuJEBQA+4=
github.com/lestrrat-3d/units v0.0.0-20260904060501-aa72af3789a1/go.mod h1:43cmeVRCRWndV+h2v92CZxlEvGWNfMYv5/KHFFUThKI=
github.com/lestrrat-go/3mf v0.0.0-20260519040824-7ad46c6b825b h1:o6Gy/IE2dtK6JT0PwKPK4Tb4KU4TeWZriCt/hA/racY=
github.com/lestrrat-go/3mf v0.0.0-20260519040824-7ad46c6b825b/go.mod h1:oVtap0aRgobFbCRbeB701dNVMkdFbqrp5JRSVLztUs4=
github.com/lestrrat-go/helium v0.0.1 h1:jNr9x4TOWH9JQpFPtJzAyWiuFuimILNuySL/RJwEf8Y=
github.com/lestrrat-go/helium v0.0.1/go.mod h1:IWo9QUgTVpC8nSbOr+NlOF+t6CXnViTvfR0p/k9IhQQ=
github.com/lestrrat-go/option/v3 v3.0.0-alpha1 h1:dvdzLwm/Ba5CJUF3jQP7w/iNYSLfy7yyh9XXNa1WjxI=
github.com/lestrrat-go/option/v3 v3.0.0-alpha1/go.mod h1:5KSg20dfsKkNJtjDmaQRLZVXuUrzuCCcz/gbDK0pfKk=
github.com/lestrrat-go/pdebug v0.0.0-20210111095411-35b07dbf089b h1:2v0K4PeWeccG1wpznCE71PqO5scFzSj3jZGkQaVYEWg=
github.com/lestrrat-go/pdebug v0.0.0-20210111095411-35b07dbf089b/go.mod h1:RbVbom7RDVgpH5IqUPbhJ425z9iRIRH0tRWp+uxEjCE=
github.com/lestrrat-go/stl v0.0.0-20260904080308-f2792ffa3582 h1:gPfueVi1DstVplb0WmlWyWAbKJJl3fF/IJjXvQWBgUE=
github.com/lestrrat-go/stl v0.0.0-20260904080308-f2792ffa3582/go.mod h1:GPUQvgZuU2dRAoW3Y+3KZcVrhyIE1HApAzTnDs9VcVc=
github.com/pmezard/go-difflib v1.0.0/go.mod h1:iKH77koFhYxTK1pcRnkKkqfTogsbg7gZNVY4sRDYZ/4=
github.com/stretchr/objx v0.1.0/go.mod h1:HFkY916IF+rwdDfMAkV7OtwuqBVzrE8GR6GFx+wExME=
github.com/stretchr/testify v1.4.0/go.mod h1:j7eGeouHqKxXV5pUuKE4zz7dFj8WfuZ+81PSLYec5m4=
github.com/stretchr/testify v1.12.1 h1:EuwCh5fleGS7H32xRwO3wRGT7DxrDhLAT6FF8MpWDWE=
github.com/stretchr/testify v1.12.1/go.mod h1:MDEgiDPPsNp5cuIrHPPCyornHKgEVbtFUmoNlxoYthg=
go.yaml.in/yaml/v3 v3.0.5 h1:N6y/pJk8buWs9NY5ERU2HSMfm+IuD/OtfdAnq6kESPw=
go.yaml.in/yaml/v3 v3.0.5/go.mod h1:HVTZu1O7/Vkt2N+BFy8Zza+lnLsABggaTM2ZpNIGuKg=
golang.org/x/text v0.35.0 h1:JOVx6vVDFokkpaq1AEptVzLTpDe9KGpj5tR4/X+ybL8=
golang.org/x/text v0.35.0/go.mod h1:khi/HExzZJ2pGnjenulevKNX1W67CUy0AsXcNubPGCA=
gopkg.in/check.v1 v0.0.0-20161208181325-20d25e280405/go.mod h1:Co6ibVJAznAaIkqp8huTwlJQCZ016jof/cbN4VW5Yz0=
gopkg.in/yaml.v2 v2.2.2/go.mod h1:hI93XBmqTisBFMUTm0b8Fm+jr3Dg1NNxqwp+5A1VGuI=
